[[package]]
category = "main"
description = ""
develop = true
name = "package-a"
optional = false
python-versions = "^3.7"
version = "0.1.0"

[package.source]
reference = ""
type = "directory"
url = "../package-a"

[[package]]
category = "main"
description = ""
develop = true
name = "package-b"
optional = false
python-versions = "^3.7"
version = "0.1.0"

[package.dependencies]
package-a = "*"

[package.source]
reference = ""
type = "directory"
url = "../package-b"

[metadata]
content-hash = "dd37d6aa1dcb5ea2bb94a99c549d60ac8706e89b6e323eca615130e422b33276"
python-versions = "^3.7"

[metadata.files]
package-a = []
package-b = []
