[[package]]
name = "package-a"
version = "0.1.0"
description = "Package A"
category = "main"
optional = false
python-versions = "^3.7"
develop = true

[package.source]
type = "directory"
url = "../package-a"

[[package]]
name = "package-b"
version = "0.1.0"
description = "Package B"
category = "main"
optional = false
python-versions = "^3.7"
develop = true

[package.dependencies]
package-a = "0.1.0"

[package.source]
type = "directory"
url = "../package-b"

[metadata]
lock-version = "1.1"
python-versions = "^3.7"
content-hash = "758ba35f43fd1d49434f956d31ec990e1a02d5cac43f8790f8cfe1c82c5137b8"

[metadata.files]
package-a = []
package-b = []
